# This file is autogenerated, do not edit; changes may be undone by the next 'dep ensure'.


[[projects]]
  digest = "1:456f515a80bcc5c5d99beaee2dcb0d0598b6d4d02df804ac958f0e6e51d8e8d5"
  name = "github.com/go-redis/redis"
  packages = [
    ".",
    "internal",
    "internal/consistenthash",
    "internal/hashtag",
    "internal/pool",
    "internal/proto",
    "internal/util",
  ]
  pruneopts = "UT"
  revision = "16ab0f2ac309166bfef5cde51742f84c61c1e73c"
  version = "v6.15.9"

[solve-meta]
  analyzer-name = "dep"
  analyzer-version = 1
  input-imports = ["github.com/go-redis/redis"]
  solver-name = "gps-cdcl"
  solver-version = 1
